// !$*UTF8*$!
{
	archiveVersion = 1;
	classes = {
	};
	objectVersion = 50;
	objects = {

/* Begin PBXBuildFile section */
		3BB6AAC725BFBA9900021A71 /* AppDelegate.swift in Sources */ = {isa = PBXBuildFile; fileRef = 3BB6AAC625BFBA9900021A71 /* AppDelegate.swift */; };
		3BB6AAC925BFBA9900021A71 /* SceneDelegate.swift in Sources */ = {isa = PBXBuildFile; fileRef = 3BB6AAC825BFBA9900021A71 /* SceneDelegate.swift */; };
		3BB6AACB25BFBA9900021A71 /* ViewController.swift in Sources */ = {isa = PBXBuildFile; fileRef = 3BB6AACA25BFBA9900021A71 /* ViewController.swift */; };
		3BB6AACE25BFBA9900021A71 /* Main.storyboard in Resources */ = {isa = PBXBuildFile; fileRef = 3BB6AACC25BFBA9900021A71 /* Main.storyboard */; };
		3BB6AAD025BFBA9A00021A71 /* Assets.xcassets in Resources */ = {isa = PBXBuildFile; fileRef = 3BB6AACF25BFBA9A00021A71 /* Assets.xcassets */; };
		3BB6AAD325BFBA9A00021A71 /* LaunchScreen.storyboard in Resources */ = {isa = PBXBuildFile; fileRef = 3BB6AAD125BFBA9A00021A71 /* LaunchScreen.storyboard */; };
		7F40C47E1A33DAAD5AECD66B /* Pods_SNS_Style_APP.framework in Frameworks */ = {isa = PBXBuildFile; fileRef = 6A97E93DF8252E0F536D276D /* Pods_SNS_Style_APP.framework */; };
/* End PBXBuildFile section */

/* Begin PBXFileReference section */
		33128807F3EEE23DDF44C38C /* Pods-SNS-Style-APP.release.xcconfig */ = {isa = PBXFileReference; includeInIndex = 1; lastKnownFileType = text.xcconfig; name = "Pods-SNS-Style-APP.release.xcconfig"; path = "Target Support Files/Pods-SNS-Style-APP/Pods-SNS-Style-APP.release.xcconfig"; sourceTree = "<group>"; };
		3BB6AAC325BFBA9900021A71 /* SNS-Style-APP.app */ = {isa = PBXFileReference; explicitFileType = wrapper.application; includeInIndex = 0; path = "SNS-Style-APP.app"; sourceTree = BUILT_PRODUCTS_DIR; };
		3BB6AAC625BFBA9900021A71 /* AppDelegate.swift */ = {isa = PBXFileReference; lastKnownFileType = sourcecode.swift; path = AppDelegate.swift; sourceTree = "<group>"; };
		3BB6AAC825BFBA9900021A71 /* SceneDelegate.swift */ = {isa = PBXFileReference; lastKnownFileType = sourcecode.swift; path = SceneDelegate.swift; sourceTree = "<group>"; };
		3BB6AACA25BFBA9900021A71 /* ViewController.swift */ = {isa = PBXFileReference; lastKnownFileType = sourcecode.swift; path = ViewController.swift; sourceTree = "<group>"; };
		3BB6AACD25BFBA9900021A71 /* Base */ = {isa = PBXFileReference; lastKnownFileType = file.storyboard; name = Base; path = Base.lproj/Main.storyboard; sourceTree = "<group>"; };
		3BB6AACF25BFBA9A00021A71 /* Assets.xcassets */ = {isa = PBXFileReference; lastKnownFileType = folder.assetcatalog; path = Assets.xcassets; sourceTree = "<group>"; };
		3BB6AAD225BFBA9A00021A71 /* Base */ = {isa = PBXFileReference; lastKnownFileType = file.storyboard; name = Base; path = Base.lproj/LaunchScreen.storyboard; sourceTree = "<group>"; };
		3BB6AAD425BFBA9A00021A71 /* Info.plist */ = {isa = PBXFileReference; lastKnownFileType = text.plist.xml; path = Info.plist; sourceTree = "<group>"; };
		5B60E60171F5F59338BC8EEA /* Pods-SNS-Style-APP.debug.xcconfig */ = {isa = PBXFileReference; includeInIndex = 1; lastKnownFileType = text.xcconfig; name = "Pods-SNS-Style-APP.debug.xcconfig"; path = "Target Support Files/Pods-SNS-Style-APP/Pods-SNS-Style-APP.debug.xcconfig"; sourceTree = "<group>"; };
		6A97E93DF8252E0F536D276D /* Pods_SNS_Style_APP.framework */ = {isa = PBXFileReference; explicitFileType = wrapper.framework; includeInIndex = 0; path = Pods_SNS_Style_APP.framework; sourceTree = BUILT_PRODUCTS_DIR; };
/* End PBXFileReference section */

/* Begin PBXFrameworksBuildPhase section */
		3BB6AAC025BFBA9800021A71 /* Frameworks */ = {
			isa = PBXFrameworksBuildPhase;
			buildActionMask = 2147483647;
			files = (
				7F40C47E1A33DAAD5AECD66B /* Pods_SNS_Style_APP.framework in Frameworks */,
			);
			runOnlyForDeploymentPostprocessing = 0;
		};
/* End PBXFrameworksBuildPhase section */

/* Begin PBXGroup section */
		0C0C7A7BA6E94BA84F9772BB /* Pods */ = {
			isa = PBXGroup;
			children = (
				5B60E60171F5F59338BC8EEA /* Pods-SNS-Style-APP.debug.xcconfig */,
				33128807F3EEE23DDF44C38C /* Pods-SNS-Style-APP.release.xcconfig */,
			);
			name = Pods;
			path = Pods;
			sourceTree = "<group>";
		};
		3BB6AABA25BFBA9800021A71 = {
			isa = PBXGroup;
			children = (
				3BB6AAC525BFBA9900021A71 /* SNS-Style-APP */,
				3BB6AAC425BFBA9900021A71 /* Products */,
				0C0C7A7BA6E94BA84F9772BB /* Pods */,
				D2D67CA4CA64F447F71CDECD /* Frameworks */,
			);
			sourceTree = "<group>";
		};
		3BB6AAC425BFBA9900021A71 /* Products */ = {
			isa = PBXGroup;
			children = (
				3BB6AAC325BFBA9900021A71 /* SNS-Style-APP.app */,
			);
			name = Products;
			sourceTree = "<group>";
		};
		3BB6AAC525BFBA9900021A71 /* SNS-Style-APP */ = {
			isa = PBXGroup;
			children = (
				3BB6AAC625BFBA9900021A71 /* AppDelegate.swift */,
				3BB6AAC825BFBA9900021A71 /* SceneDelegate.swift */,
				3BB6AACA25BFBA9900021A71 /* ViewController.swift */,
				3BB6AACC25BFBA9900021A71 /* Main.storyboard */,
				3BB6AACF25BFBA9A00021A71 /* Assets.xcassets */,
				3BB6AAD125BFBA9A00021A71 /* LaunchScreen.storyboard */,
				3BB6AAD425BFBA9A00021A71 /* Info.plist */,
			);
			path = "SNS-Style-APP";
			sourceTree = "<group>";
		};
		D2D67CA4CA64F447F71CDECD /* Frameworks */ = {
			isa = PBXGroup;
			children = (
				6A97E93DF8252E0F536D276D /* Pods_SNS_Style_APP.framework */,
			);
			name = Frameworks;
			sourceTree = "<group>";
		};
/* End PBXGroup section */

/* Begin PBXNativeTarget section */
		3BB6AAC225BFBA9800021A71 /* SNS-Style-APP */ = {
			isa = PBXNativeTarget;
			buildConfigurationList = 3BB6AAD725BFBA9A00021A71 /* Build configuration list for PBXNativeTarget "SNS-Style-APP" */;
			buildPhases = (
				AB01778DD871BBAC411AE23B /* [CP] Check Pods Manifest.lock */,
				3BB6AABF25BFBA9800021A71 /* Sources */,
				3BB6AAC025BFBA9800021A71 /* Frameworks */,
				3BB6AAC125BFBA9800021A71 /* Resources */,
				C1BFC237532A3522EFEDD34D /* [CP] Embed Pods Frameworks */,
			);
			buildRules = (
			);
			dependencies = (
			);
			name = "SNS-Style-APP";
			productName = "SNS-Style-APP";
			productReference = 3BB6AAC325BFBA9900021A71 /* SNS-Style-APP.app */;
			productType = "com.apple.product-type.application";
		};
/* End PBXNativeTarget section */

/* Begin PBXProject section */
		3BB6AABB25BFBA9800021A71 /* Project object */ = {
			isa = PBXProject;
			attributes = {
				LastSwiftUpdateCheck = 1230;
				LastUpgradeCheck = 1230;
				TargetAttributes = {
					3BB6AAC225BFBA9800021A71 = {
						CreatedOnToolsVersion = 12.3;
					};
				};
			};
			buildConfigurationList = 3BB6AABE25BFBA9800021A71 /* Build configuration list for PBXProject "SNS-Style-APP" */;
			compatibilityVersion = "Xcode 9.3";
			developmentRegion = en;
			hasScannedForEncodings = 0;
			knownRegions = (
				en,
				Base,
			);
			mainGroup = 3BB6AABA25BFBA9800021A71;
			productRefGroup = 3BB6AAC425BFBA9900021A71 /* Products */;
			projectDirPath = "";
			projectRoot = "";
			targets = (
				3BB6AAC225BFBA9800021A71 /* SNS-Style-APP */,
			);
		};
/* End PBXProject section */

/* Begin PBXResourcesBuildPhase section */
		3BB6AAC125BFBA9800021A71 /* Resources */ = {
			isa = PBXResourcesBuildPhase;
			buildActionMask = 2147483647;
			files = (
				3BB6AAD325BFBA9A00021A71 /* LaunchScreen.storyboard in Resources */,
				3BB6AAD025BFBA9A00021A71 /* Assets.xcassets in Resources */,
				3BB6AACE25BFBA9900021A71 /* Main.storyboard in Resources */,
			);
			runOnlyForDeploymentPostprocessing = 0;
		};
/* End PBXResourcesBuildPhase section */

/* Begin PBXShellScriptBuildPhase section */
		AB01778DD871BBAC411AE23B /* [CP] Check Pods Manifest.lock */ = {
			isa = PBXShellScriptBuildPhase;
			buildActionMask = 2147483647;
			files = (
			);
			inputFileListPaths = (
			);
			inputPaths = (
				"${PODS_PODFILE_DIR_PATH}/Podfile.lock",
				"${PODS_ROOT}/Manifest.lock",
			);
			name = "[CP] Check Pods Manifest.lock";
			outputFileListPaths = (
			);
			outputPaths = (
				"$(DERIVED_FILE_DIR)/Pods-SNS-Style-APP-checkManifestLockResult.txt",
			);
			runOnlyForDeploymentPostprocessing = 0;
			shellPath = /bin/sh;
			shellScript = "diff \"${PODS_PODFILE_DIR_PATH}/Podfile.lock\" \"${PODS_ROOT}/Manifest.lock\" > /dev/null\nif [ $? != 0 ] ; then\n    # print error to STDERR\n    echo \"error: The sandbox is not in sync with the Podfile.lock. Run 'pod install' or update your CocoaPods installation.\" >&2\n    exit 1\nfi\n# This output is used by Xcode 'outputs' to avoid re-running this script phase.\necho \"SUCCESS\" > \"${SCRIPT_OUTPUT_FILE_0}\"\n";
			showEnvVarsInLog = 0;
		};
		C1BFC237532A3522EFEDD34D /* [CP] Embed Pods Frameworks */ = {
			isa = PBXShellScriptBuildPhase;
			buildActionMask = 2147483647;
			files = (
			);
			inputFileListPaths = (
				"${PODS_ROOT}/Target Support Files/Pods-SNS-Style-APP/Pods-SNS-Style-APP-frameworks-${CONFIGURATION}-input-files.xcfilelist",
			);
			name = "[CP] Embed Pods Frameworks";
			outputFileListPaths = (
				"${PODS_ROOT}/Target Support Files/Pods-SNS-Style-APP/Pods-SNS-Style-APP-frameworks-${CONFIGURATION}-output-files.xcfilelist",
			);
			runOnlyForDeploymentPostprocessing = 0;
			shellPath = /bin/sh;
			shellScript = "\"${PODS_ROOT}/Target Support Files/Pods-SNS-Style-APP/Pods-SNS-Style-APP-frameworks.sh\"\n";
			showEnvVarsInLog = 0;
		};
/* End PBXShellScriptBuildPhase section */

/* Begin PBXSourcesBuildPhase section */
		3BB6AABF25BFBA9800021A71 /* Sources */ = {
			isa = PBXSourcesBuildPhase;
			buildActionMask = 2147483647;
			files = (
				3BB6AACB25BFBA9900021A71 /* ViewController.swift in Sources */,
				3BB6AAC725BFBA9900021A71 /* AppDelegate.swift in Sources */,
				3BB6AAC925BFBA9900021A71 /* SceneDelegate.swift in Sources */,
			);
			runOnlyForDeploymentPostprocessing = 0;
		};
/* End PBXSourcesBuildPhase section */

/* Begin PBXVariantGroup section */
		3BB6AACC25BFBA9900021A71 /* Main.storyboard */ = {
			isa = PBXVariantGroup;
			children = (
				3BB6AACD25BFBA9900021A71 /* Base */,
			);
			name = Main.storyboard;
			sourceTree = "<group>";
		};
		3BB6AAD125BFBA9A00021A71 /* LaunchScreen.storyboard */ = {
			isa = PBXVariantGroup;
			children = (
				3BB6AAD225BFBA9A00021A71 /* Base */,
			);
			name = LaunchScreen.storyboard;
			sourceTree = "<group>";
		};
/* End PBXVariantGroup section */

/* Begin XCBuildConfiguration section */
		3BB6AAD525BFBA9A00021A71 /* Debug */ = {
			isa = XCBuildConfiguration;
			buildSettings = {
				ALWAYS_SEARCH_USER_PATHS = NO;
				CLANG_ANALYZER_NONNULL = YES;
				CLANG_ANALYZER_NUMBER_OBJECT_CONVERSION = YES_AGGRESSIVE;
				CLANG_CXX_LANGUAGE_STANDARD = "gnu++14";
				CLANG_CXX_LIBRARY = "libc++";
				CLANG_ENABLE_MODULES = YES;
				CLANG_ENABLE_OBJC_ARC = YES;
				CLANG_ENABLE_OBJC_WEAK = YES;
				CLANG_WARN_BLOCK_CAPTURE_AUTORELEASING = YES;
				CLANG_WARN_BOOL_CONVERSION = YES;
				CLANG_WARN_COMMA = YES;
				CLANG_WARN_CONSTANT_CONVERSION = YES;
				CLANG_WARN_DEPRECATED_OBJC_IMPLEMENTATIONS = YES;
				CLANG_WARN_DIRECT_OBJC_ISA_USAGE = YES_ERROR;
				CLANG_WARN_DOCUMENTATION_COMMENTS = YES;
				CLANG_WARN_EMPTY_BODY = YES;
				CLANG_WARN_ENUM_CONVERSION = YES;
				CLANG_WARN_INFINITE_RECURSION = YES;
				CLANG_WARN_INT_CONVERSION = YES;
				CLANG_WARN_NON_LITERAL_NULL_CONVERSION = YES;
				CLANG_WARN_OBJC_IMPLICIT_RETAIN_SELF = YES;
				CLANG_WARN_OBJC_LITERAL_CONVERSION = YES;
				CLANG_WARN_OBJC_ROOT_CLASS = YES_ERROR;
				CLANG_WARN_QUOTED_INCLUDE_IN_FRAMEWORK_HEADER = YES;
				CLANG_WARN_RANGE_LOOP_ANALYSIS = YES;
				CLANG_WARN_STRICT_PROTOTYPES = YES;
				CLANG_WARN_SUSPICIOUS_MOVE = YES;
				CLANG_WARN_UNGUARDED_AVAILABILITY = YES_AGGRESSIVE;
				CLANG_WARN_UNREACHABLE_CODE = YES;
				CLANG_WARN__DUPLICATE_METHOD_MATCH = YES;
				COPY_PHASE_STRIP = NO;
				DEBUG_INFORMATION_FORMAT = dwarf;
				ENABLE_STRICT_OBJC_MSGSEND = YES;
				ENABLE_TESTABILITY = YES;
				GCC_C_LANGUAGE_STANDARD = gnu11;
				GCC_DYNAMIC_NO_PIC = NO;
				GCC_NO_COMMON_BLOCKS = YES;
				GCC_OPTIMIZATION_LEVEL = 0;
				GCC_PREPROCESSOR_DEFINITIONS = (
					"DEBUG=1",
					"$(inherited)",
				);
				GCC_WARN_64_TO_32_BIT_CONVERSION = YES;
				GCC_WARN_ABOUT_RETURN_TYPE = YES_ERROR;
				GCC_WARN_UNDECLARED_SELECTOR = YES;
				GCC_WARN_UNINITIALIZED_AUTOS = YES_AGGRESSIVE;
				GCC_WARN_UNUSED_FUNCTION = YES;
				GCC_WARN_UNUSED_VARIABLE = YES;
				IPHONEOS_DEPLOYMENT_TARGET = 14.3;
				MTL_ENABLE_DEBUG_INFO = INCLUDE_SOURCE;
				MTL_FAST_MATH = YES;
				ONLY_ACTIVE_ARCH = YES;
				SDKROOT = iphoneos;
				SWIFT_ACTIVE_COMPILATION_CONDITIONS = DEBUG;
				SWIFT_OPTIMIZATION_LEVEL = "-Onone";
			};
			name = Debug;
		};
		3BB6AAD625BFBA9A00021A71 /* Release */ = {
			isa = XCBuildConfiguration;
			buildSettings = {
				ALWAYS_SEARCH_USER_PATHS = NO;
				CLANG_ANALYZER_NONNULL = YES;
				CLANG_ANALYZER_NUMBER_OBJECT_CONVERSION = YES_AGGRESSIVE;
				CLANG_CXX_LANGUAGE_STANDARD = "gnu++14";
				CLANG_CXX_LIBRARY = "libc++";
				CLANG_ENABLE_MODULES = YES;
				CLANG_ENABLE_OBJC_ARC = YES;
				CLANG_ENABLE_OBJC_WEAK = YES;
				CLANG_WARN_BLOCK_CAPTURE_AUTORELEASING = YES;
				CLANG_WARN_BOOL_CONVERSION = YES;
				CLANG_WARN_COMMA = YES;
				CLANG_WARN_CONSTANT_CONVERSION = YES;
				CLANG_WARN_DEPRECATED_OBJC_IMPLEMENTATIONS = YES;
				CLANG_WARN_DIRECT_OBJC_ISA_USAGE = YES_ERROR;
				CLANG_WARN_DOCUMENTATION_COMMENTS = YES;
				CLANG_WARN_EMPTY_BODY = YES;
				CLANG_WARN_ENUM_CONVERSION = YES;
				CLANG_WARN_INFINITE_RECURSION = YES;
				CLANG_WARN_INT_CONVERSION = YES;
				CLANG_WARN_NON_LITERAL_NULL_CONVERSION = YES;
				CLANG_WARN_OBJC_IMPLICIT_RETAIN_SELF = YES;
				CLANG_WARN_OBJC_LITERAL_CONVERSION = YES;
				CLANG_WARN_OBJC_ROOT_CLASS = YES_ERROR;
				CLANG_WARN_QUOTED_INCLUDE_IN_FRAMEWORK_HEADER = YES;
				CLANG_WARN_RANGE_LOOP_ANALYSIS = YES;
				CLANG_WARN_STRICT_PROTOTYPES = YES;
				CLANG_WARN_SUSPICIOUS_MOVE = YES;
				CLANG_WARN_UNGUARDED_AVAILABILITY = YES_AGGRESSIVE;
				CLANG_WARN_UNREACHABLE_CODE = YES;
				CLANG_WARN__DUPLICATE_METHOD_MATCH = YES;
				COPY_PHASE_STRIP = NO;
				DEBUG_INFORMATION_FORMAT = "dwarf-with-dsym";
				ENABLE_NS_ASSERTIONS = NO;
				ENABLE_STRICT_OBJC_MSGSEND = YES;
				GCC_C_LANGUAGE_STANDARD = gnu11;
				GCC_NO_COMMON_BLOCKS = YES;
				GCC_WARN_64_TO_32_BIT_CONVERSION = YES;
				GCC_WARN_ABOUT_RETURN_TYPE = YES_ERROR;
				GCC_WARN_UNDECLARED_SELECTOR = YES;
				GCC_WARN_UNINITIALIZED_AUTOS = YES_AGGRESSIVE;
				GCC_WARN_UNUSED_FUNCTION = YES;
				GCC_WARN_UNUSED_VARIABLE = YES;
				IPHONEOS_DEPLOYMENT_TARGET = 14.3;
				MTL_ENABLE_DEBUG_INFO = NO;
				MTL_FAST_MATH = YES;
				SDKROOT = iphoneos;
				SWIFT_COMPILATION_MODE = wholemodule;
				SWIFT_OPTIMIZATION_LEVEL = "-O";
				VALIDATE_PRODUCT = YES;
			};
			name = Release;
		};
		3BB6AAD825BFBA9A00021A71 /* Debug */ = {
			isa = XCBuildConfiguration;
			baseConfigurationReference = 5B60E60171F5F59338BC8EEA /* Pods-SNS-Style-APP.debug.xcconfig */;
			buildSettings = {
				ASSETCATALOG_COMPILER_APPICON_NAME = AppIcon;
				ASSETCATALOG_COMPILER_GLOBAL_ACCENT_COLOR_NAME = AccentColor;
				CODE_SIGN_STYLE = Automatic;
				DEVELOPMENT_TEAM = MP9J987NN4;
				INFOPLIST_FILE = "SNS-Style-APP/Info.plist";
				LD_RUNPATH_SEARCH_PATHS = (
					"$(inherited)",
					"@executable_path/Frameworks",
				);
				PRODUCT_BUNDLE_IDENTIFIER = "shiraishi1990.h-com.gmail.SNS-Style-APP";
				PRODUCT_NAME = "$(TARGET_NAME)";
				SWIFT_VERSION = 5.0;
				TARGETED_DEVICE_FAMILY = 1;
			};
			name = Debug;
		};
		3BB6AAD925BFBA9A00021A71 /* Release */ = {
			isa = XCBuildConfiguration;
			baseConfigurationReference = 33128807F3EEE23DDF44C38C /* Pods-SNS-Style-APP.release.xcconfig */;
			buildSettings = {
				ASSETCATALOG_COMPILER_APPICON_NAME = AppIcon;
				ASSETCATALOG_COMPILER_GLOBAL_ACCENT_COLOR_NAME = AccentColor;
				CODE_SIGN_STYLE = Automatic;
				DEVELOPMENT_TEAM = MP9J987NN4;
				INFOPLIST_FILE = "SNS-Style-APP/Info.plist";
				LD_RUNPATH_SEARCH_PATHS = (
					"$(inherited)",
					"@executable_path/Frameworks",
				);
				PRODUCT_BUNDLE_IDENTIFIER = "shiraishi1990.h-com.gmail.SNS-Style-APP";
				PRODUCT_NAME = "$(TARGET_NAME)";
				SWIFT_VERSION = 5.0;
				TARGETED_DEVICE_FAMILY = 1;
			};
			name = Release;
		};
/* End XCBuildConfiguration section */

/* Begin XCConfigurationList section */
		3BB6AABE25BFBA9800021A71 /* Build configuration list for PBXProject "SNS-Style-APP" */ = {
			isa = XCConfigurationList;
			buildConfigurations = (
				3BB6AAD525BFBA9A00021A71 /* Debug */,
				3BB6AAD625BFBA9A00021A71 /* Release */,
			);
			defaultConfigurationIsVisible = 0;
			defaultConfigurationName = Release;
		};
		3BB6AAD725BFBA9A00021A71 /* Build configuration list for PBXNativeTarget "SNS-Style-APP" */ = {
			isa = XCConfigurationList;
			buildConfigurations = (
				3BB6AAD825BFBA9A00021A71 /* Debug */,
				3BB6AAD925BFBA9A00021A71 /* Release */,
			);
			defaultConfigurationIsVisible = 0;
			defaultConfigurationName = Release;
		};
/* End XCConfigurationList section */
	};
	rootObject = 3BB6AABB25BFBA9800021A71 /* Project object */;
}
